PODS:
  - XMSegmentedControl (0.1.5)

DEPENDENCIES:
  - XMSegmentedControl (from `../`)

EXTERNAL SOURCES:
  XMSegmentedControl:
    :path: "../"

SPEC CHECKSUMS:
  XMSegmentedControl: 85e4cd34becc90ee4596a08a978a16c1952c478d

PODFILE CHECKSUM: 70b682828dbd71da1e36fa4b313281a8d58b6a2d

COCOAPODS: 1.8.3
