PODS:
  - XMSegmentedControl (0.1.4)

DEPENDENCIES:
  - XMSegmentedControl (from `../`)

EXTERNAL SOURCES:
  XMSegmentedControl:
    :path: "../"

SPEC CHECKSUMS:
  XMSegmentedControl: d4fa9cec511244e208a235656eed3e07d1a7c0b7

PODFILE CHECKSUM: 23103cb9bfb0040da7a598f9ab2a2d76fdcb2354

COCOAPODS: 1.5.3
